
Microsoft Visual Studio Solution File, Format Version 12.00
# Visual Studio Version 16
VisualStudioVersion = 16.0.29905.134
MinimumVisualStudioVersion = 10.0.40219.1
Project("{FAE04EC0-301F-11D3-BF4B-00C04F79EFBC}") = "ArtGalleryWin", "ArtGalleryWin\ArtGalleryWin.csproj", "{17575C32-A119-48E6-B57E-09C4BA869012}"
EndProject
Project("{FAE04EC0-301F-11D3-BF4B-00C04F79EFBC}") = "CGS", "CGS\CGS.csproj", "{C94A0B3D-D1B5-4DC1-9FA0-E32967971191}"
EndProject
Global
	GlobalSection(SolutionConfigurationPlatforms) = preSolution
		Debug|Any CPU = Debug|Any CPU
		Release|Any CPU = Release|Any CPU
	EndGlobalSection
	GlobalSection(ProjectConfigurationPlatforms) = postSolution
		{17575C32-A119-48E6-B57E-09C4BA869012}.Debug|Any CPU.ActiveCfg = Debug|Any CPU
		{17575C32-A119-48E6-B57E-09C4BA869012}.Debug|Any CPU.Build.0 = Debug|Any CPU
		{17575C32-A119-48E6-B57E-09C4BA869012}.Release|Any CPU.ActiveCfg = Release|Any CPU
		{17575C32-A119-48E6-B57E-09C4BA869012}.Release|Any CPU.Build.0 = Release|Any CPU
		{C94A0B3D-D1B5-4DC1-9FA0-E32967971191}.Debug|Any CPU.ActiveCfg = Debug|Any CPU
		{C94A0B3D-D1B5-4DC1-9FA0-E32967971191}.Debug|Any CPU.Build.0 = Debug|Any CPU
		{C94A0B3D-D1B5-4DC1-9FA0-E32967971191}.Release|Any CPU.ActiveCfg = Release|Any CPU
		{C94A0B3D-D1B5-4DC1-9FA0-E32967971191}.Release|Any CPU.Build.0 = Release|Any CPU
	EndGlobalSection
	GlobalSection(SolutionProperties) = preSolution
		HideSolutionNode = FALSE
	EndGlobalSection
	GlobalSection(ExtensibilityGlobals) = postSolution
		SolutionGuid = {EC1A40F9-5F0F-431A-BC84-077C5716F936}
	EndGlobalSection
EndGlobal
